
Microsoft Visual Studio Solution File, Format Version 12.00
# Visual Studio Version 17
VisualStudioVersion = 17.0.32112.339
MinimumVisualStudioVersion = 10.0.40219.1
Project("{FAE04EC0-301F-11D3-BF4B-00C04F79EFBC}") = "WebFormsApp", "WebFormsApp\WebFormsApp.csproj", "{B0032D69-1B7F-43E5-9F59-4692A41557EE}"
EndProject
Project("{FAE04EC0-301F-11D3-BF4B-00C04F79EFBC}") = "WebFormsWithAuth", "WebFormsWithAuth\WebFormsWithAuth.csproj", "{186378D6-FCE8-43F3-81E1-1E521CEFA022}"
EndProject
Project("{FAE04EC0-301F-11D3-BF4B-00C04F79EFBC}") = "MVCApp", "MVCApp\MVCApp.csproj", "{75E405DF-3F85-43CB-9529-5895A966FB06}"
EndProject
Project("{FAE04EC0-301F-11D3-BF4B-00C04F79EFBC}") = "MvcAppIdentity", "MvcAppIdentity\MvcAppIdentity.csproj", "{78427AC8-DF2D-47BB-9F26-8039D428AB77}"
EndProject
Global
	GlobalSection(SolutionConfigurationPlatforms) = preSolution
		Debug|Any CPU = Debug|Any CPU
		Release|Any CPU = Release|Any CPU
	EndGlobalSection
	GlobalSection(ProjectConfigurationPlatforms) = postSolution
		{B0032D69-1B7F-43E5-9F59-4692A41557EE}.Debug|Any CPU.ActiveCfg = Debug|Any CPU
		{B0032D69-1B7F-43E5-9F59-4692A41557EE}.Debug|Any CPU.Build.0 = Debug|Any CPU
		{B0032D69-1B7F-43E5-9F59-4692A41557EE}.Release|Any CPU.ActiveCfg = Release|Any CPU
		{B0032D69-1B7F-43E5-9F59-4692A41557EE}.Release|Any CPU.Build.0 = Release|Any CPU
		{186378D6-FCE8-43F3-81E1-1E521CEFA022}.Debug|Any CPU.ActiveCfg = Debug|Any CPU
		{186378D6-FCE8-43F3-81E1-1E521CEFA022}.Debug|Any CPU.Build.0 = Debug|Any CPU
		{186378D6-FCE8-43F3-81E1-1E521CEFA022}.Release|Any CPU.ActiveCfg = Release|Any CPU
		{186378D6-FCE8-43F3-81E1-1E521CEFA022}.Release|Any CPU.Build.0 = Release|Any CPU
		{75E405DF-3F85-43CB-9529-5895A966FB06}.Debug|Any CPU.ActiveCfg = Debug|Any CPU
		{75E405DF-3F85-43CB-9529-5895A966FB06}.Debug|Any CPU.Build.0 = Debug|Any CPU
		{75E405DF-3F85-43CB-9529-5895A966FB06}.Release|Any CPU.ActiveCfg = Release|Any CPU
		{75E405DF-3F85-43CB-9529-5895A966FB06}.Release|Any CPU.Build.0 = Release|Any CPU
		{78427AC8-DF2D-47BB-9F26-8039D428AB77}.Debug|Any CPU.ActiveCfg = Debug|Any CPU
		{78427AC8-DF2D-47BB-9F26-8039D428AB77}.Debug|Any CPU.Build.0 = Debug|Any CPU
		{78427AC8-DF2D-47BB-9F26-8039D428AB77}.Release|Any CPU.ActiveCfg = Release|Any CPU
		{78427AC8-DF2D-47BB-9F26-8039D428AB77}.Release|Any CPU.Build.0 = Release|Any CPU
	EndGlobalSection
	GlobalSection(SolutionProperties) = preSolution
		HideSolutionNode = FALSE
	EndGlobalSection
	GlobalSection(ExtensibilityGlobals) = postSolution
		SolutionGuid = {9BA5758C-7F47-4745-ACCE-370BACA4C365}
	EndGlobalSection
EndGlobal
